{
  "name": "tearanker",
  "version": "1.0.0",
  "lockfileVersion": 3,
  "requires": true,
  "packages": {
    "": {
      "name": "tearanker",
      "version": "1.0.0",
      "license": "MIT",
      "dependencies": {
        "byak-hexo": "^0.1.1",
        "genko-markdown": "^1.0.0",
        "hexo-script-reload": "^1.0.2",
        "vanilla-typescript-sass-template": "^1.0.1"
      }
    },
    "../genko-markdown": {
      "version": "1.0.0",
      "license": "SEE LICENSE IN file LICENSE",
      "dependencies": {
        "diff": "^5.1.0",
        "escape-html": "^1.0.3",
        "highlight.js": "^11.7.0",
        "marked": "^4.3.0",
        "tmp-promise": "^3.0.3"
      },
      "devDependencies": {
        "@types/diff": "^5.0.3",
        "@types/escape-html": "^1.0.2",
        "@types/gulp": "^4.0.10",
        "@types/gulp-sass": "^5.0.0",
        "@types/marked": "^4.0.8",
        "@typescript-eslint/eslint-plugin": "^5.59.0",
        "@typescript-eslint/parser": "^5.59.0",
        "chokidar": "^3.5.3",
        "depcheck": "^1.4.3",
        "eslint": "^8.39.0",
        "eslint-config-prettier": "^8.8.0",
        "eslint-import-resolver-typescript": "^3.5.5",
        "eslint-plugin-import": "^2.27.5",
        "eslint-plugin-prettier": "^4.2.1",
        "eslint-plugin-simple-import-sort": "^10.0.0",
        "express": "^4.18.2",
        "gulp": "^4.0.2",
        "gulp-esbuild": "^0.11.1",
        "gulp-sass": "^5.1.0",
        "husky": "^8.0.0",
        "prettier": "^2.8.8",
        "rimraf": "^5.0.0",
        "sass": "^1.62.0",
        "ts-node": "^10.9.1",
        "ts-toolbelt": "^9.6.0",
        "typescript": "^5.0.4"
      }
    },
    "node_modules/@pacote/get-style": {
      "version": "1.1.7",
      "resolved": "https://registry.npmjs.org/@pacote/get-style/-/get-style-1.1.7.tgz",
      "integrity": "sha512-TGg2mrHvLtQC/d9dPy/GpVDIdvCT1PfYvbjsOQR0nU8o4ofuPy4NHRsPDUYjZXXbpMC5uPK6N/yitHO0Pon/lA=="
    },
    "node_modules/@pacote/pixels": {
      "version": "1.1.7",
      "resolved": "https://registry.npmjs.org/@pacote/pixels/-/pixels-1.1.7.tgz",
      "integrity": "sha512-yztATcpzvQR4Y1iflLKQybTc/pr31LfAUAX2y2EE+62nqf9Q2gir5fcnVSSDYcEIONHAQHN+Pbb/V95Pg/fi7Q==",
      "dependencies": {
        "@pacote/get-style": "^1.1.7"
      }
    },
    "node_modules/@pacote/throttle": {
      "version": "1.0.7",
      "resolved": "https://registry.npmjs.org/@pacote/throttle/-/throttle-1.0.7.tgz",
      "integrity": "sha512-7iO/ehc4UFeBcdwRjS5gxJwB/SSbeCzrUVR+R0R2Dxxz96TE2KpKN32UdRuv/4WNc+oRgu1g0Jyq/+U6/mr01A=="
    },
    "node_modules/byak-hexo": {
      "version": "0.1.1",
      "resolved": "https://registry.npmjs.org/byak-hexo/-/byak-hexo-0.1.1.tgz",
      "integrity": "sha512-kro26GHcZZMqgQFV1W/b0p/RyfxICs5NPu7/uUSpgPnye4nIeAdpqK4wmAww6X99PHgAxfcRhYp6M4kp9P2p0Q==",
      "dependencies": {
        "genko-markdown": "file:../../../genko-markdown",
        "highlight.js": "^11.9.0",
        "littlefoot": "^3.4.1",
        "seedrandom": "^3.0.5"
      }
    },
    "node_modules/delegated-events": {
      "version": "1.1.2",
      "resolved": "https://registry.npmjs.org/delegated-events/-/delegated-events-1.1.2.tgz",
      "integrity": "sha512-PjEw4Z5mrvXimyf60HGqMJ3BMcqqWZpBqSDGnEMBdkAtF4P7ltoa6N+UJXhbMMUxPLYFtykCmRs6Ra8I8pwzPQ==",
      "dependencies": {
        "selector-set": "^1.1.5"
      }
    },
    "node_modules/genko-markdown": {
      "resolved": "../genko-markdown",
      "link": true
    },
    "node_modules/hexo-script-reload": {
      "version": "1.0.2",
      "resolved": "https://registry.npmjs.org/hexo-script-reload/-/hexo-script-reload-1.0.2.tgz",
      "integrity": "sha512-WTSNhUpZaKIYUe8MEJfYGMF1cGGlBQzIQ1O2XTa+FGybyQxTEu+lmObjBLwPrwhN5oOPn6x64RWRMO5ZdOxYJA=="
    },
    "node_modules/highlight.js": {
      "version": "11.9.0",
      "resolved": "https://registry.npmjs.org/highlight.js/-/highlight.js-11.9.0.tgz",
      "integrity": "sha512-fJ7cW7fQGCYAkgv4CPfwFHrfd/cLS4Hau96JuJ+ZTOWhjnhoeN1ub1tFmALm/+lW5z4WCAuAV9bm05AP0mS6Gw==",
      "engines": {
        "node": ">=12.0.0"
      }
    },
    "node_modules/littlefoot": {
      "version": "3.4.1",
      "resolved": "https://registry.npmjs.org/littlefoot/-/littlefoot-3.4.1.tgz",
      "integrity": "sha512-P5gVZCqRLWPn5WndTQT+bTiGtWv6cEuhTYjDaDAH2vwLvRIK4q2WoD10SuI8NytRKgGdR3vUIW2G7vLUHJR5jQ==",
      "dependencies": {
        "@pacote/get-style": "^1.0.0",
        "@pacote/pixels": "^1.0.0",
        "@pacote/throttle": "^1.0.0",
        "delegated-events": "^1.0.10"
      }
    },
    "node_modules/seedrandom": {
      "version": "3.0.5",
      "resolved": "https://registry.npmjs.org/seedrandom/-/seedrandom-3.0.5.tgz",
      "integrity": "sha512-8OwmbklUNzwezjGInmZ+2clQmExQPvomqjL7LFqOYqtmuxRgQYqOD3mHaU+MvZn5FLUeVxVfQjwLZW/n/JFuqg=="
    },
    "node_modules/selector-set": {
      "version": "1.1.5",
      "resolved": "https://registry.npmjs.org/selector-set/-/selector-set-1.1.5.tgz",
      "integrity": "sha512-6SQw6yMew5iOZ8/cDHDEnJWRM4ot2mxP6szZyF5ptrBogw4AcS4EXRj/8BUfgAMwVfdL84qpModlBMOl2NVrsQ=="
    },
    "node_modules/vanilla-typescript-sass-template": {
      "version": "1.0.1",
      "resolved": "https://registry.npmjs.org/vanilla-typescript-sass-template/-/vanilla-typescript-sass-template-1.0.1.tgz",
      "integrity": "sha512-8eJPstI91Xc2BuIqZGE4MPzO/TY5I8KZA6PnZX8Pp5xXpUcz0bKP/E/V2iEQcHLa13/beSFVncgHcFBJQxekmw=="
    }
  }
}
